
Microsoft Visual Studio Solution File, Format Version 12.00
# Visual Studio Version 17
VisualStudioVersion = 17.5.33516.290
MinimumVisualStudioVersion = 10.0.40219.1
Project("{FAE04EC0-301F-11D3-BF4B-00C04F79EFBC}") = "WP12_finedustCheck", "WP12_finedustCheck\WP12_finedustCheck.csproj", "{A23B4796-8779-44CC-B9C4-F9F98CB9FA24}"
EndProject
Project("{FAE04EC0-301F-11D3-BF4B-00C04F79EFBC}") = "WP11_moviefinder", "WP11_moviefinder\WP11_moviefinder.csproj", "{62E022A1-2DDE-4189-A9FF-0FF5711F87E2}"
EndProject
Global
	GlobalSection(SolutionConfigurationPlatforms) = preSolution
		Debug|Any CPU = Debug|Any CPU
		Release|Any CPU = Release|Any CPU
	EndGlobalSection
	GlobalSection(ProjectConfigurationPlatforms) = postSolution
		{A23B4796-8779-44CC-B9C4-F9F98CB9FA24}.Debug|Any CPU.ActiveCfg = Debug|Any CPU
		{A23B4796-8779-44CC-B9C4-F9F98CB9FA24}.Debug|Any CPU.Build.0 = Debug|Any CPU
		{A23B4796-8779-44CC-B9C4-F9F98CB9FA24}.Release|Any CPU.ActiveCfg = Release|Any CPU
		{A23B4796-8779-44CC-B9C4-F9F98CB9FA24}.Release|Any CPU.Build.0 = Release|Any CPU
		{62E022A1-2DDE-4189-A9FF-0FF5711F87E2}.Debug|Any CPU.ActiveCfg = Debug|Any CPU
		{62E022A1-2DDE-4189-A9FF-0FF5711F87E2}.Debug|Any CPU.Build.0 = Debug|Any CPU
		{62E022A1-2DDE-4189-A9FF-0FF5711F87E2}.Release|Any CPU.ActiveCfg = Release|Any CPU
		{62E022A1-2DDE-4189-A9FF-0FF5711F87E2}.Release|Any CPU.Build.0 = Release|Any CPU
	EndGlobalSection
	GlobalSection(SolutionProperties) = preSolution
		HideSolutionNode = FALSE
	EndGlobalSection
	GlobalSection(ExtensibilityGlobals) = postSolution
		SolutionGuid = {991AC5C7-9EA8-49B5-8728-90DDA02F6137}
	EndGlobalSection
EndGlobal
