
Microsoft Visual Studio Solution File, Format Version 12.00
# Visual Studio Version 17
VisualStudioVersion = 17.5.33516.290
MinimumVisualStudioVersion = 10.0.40219.1
Project("{FAE04EC0-301F-11D3-BF4B-00C04F79EFBC}") = "WP13_miniproject", "WP13_miniproject\WP13_miniproject.csproj", "{095E3D46-4FA8-425E-8AC8-9DDB173FFCD9}"
EndProject
Global
	GlobalSection(SolutionConfigurationPlatforms) = preSolution
		Debug|Any CPU = Debug|Any CPU
		Release|Any CPU = Release|Any CPU
	EndGlobalSection
	GlobalSection(ProjectConfigurationPlatforms) = postSolution
		{095E3D46-4FA8-425E-8AC8-9DDB173FFCD9}.Debug|Any CPU.ActiveCfg = Debug|Any CPU
		{095E3D46-4FA8-425E-8AC8-9DDB173FFCD9}.Debug|Any CPU.Build.0 = Debug|Any CPU
		{095E3D46-4FA8-425E-8AC8-9DDB173FFCD9}.Release|Any CPU.ActiveCfg = Release|Any CPU
		{095E3D46-4FA8-425E-8AC8-9DDB173FFCD9}.Release|Any CPU.Build.0 = Release|Any CPU
	EndGlobalSection
	GlobalSection(SolutionProperties) = preSolution
		HideSolutionNode = FALSE
	EndGlobalSection
	GlobalSection(ExtensibilityGlobals) = postSolution
		SolutionGuid = {5D879F13-12F8-471A-B0E8-1E0512E94AE8}
	EndGlobalSection
EndGlobal
