
Microsoft Visual Studio Solution File, Format Version 12.00
# Visual Studio Version 17
VisualStudioVersion = 17.5.33516.290
MinimumVisualStudioVersion = 10.0.40219.1
Project("{FAE04EC0-301F-11D3-BF4B-00C04F79EFBC}") = "WP03_controls", "WP03_controls\WP03_controls.csproj", "{4397E62F-7721-4489-B912-F70BE6291FA5}"
EndProject
Project("{FAE04EC0-301F-11D3-BF4B-00C04F79EFBC}") = "WP04_layout", "WP04_layout\WP04_layout.csproj", "{657B00F7-85C8-4168-BB86-7998EEBA3D03}"
EndProject
Project("{FAE04EC0-301F-11D3-BF4B-00C04F79EFBC}") = "WP05_bikeshop", "WP05_bikeshop\WP05_bikeshop.csproj", "{875AA7FC-0BF7-4381-B844-FCA2DEF9196F}"
EndProject
Global
	GlobalSection(SolutionConfigurationPlatforms) = preSolution
		Debug|Any CPU = Debug|Any CPU
		Release|Any CPU = Release|Any CPU
	EndGlobalSection
	GlobalSection(ProjectConfigurationPlatforms) = postSolution
		{4397E62F-7721-4489-B912-F70BE6291FA5}.Debug|Any CPU.ActiveCfg = Debug|Any CPU
		{4397E62F-7721-4489-B912-F70BE6291FA5}.Debug|Any CPU.Build.0 = Debug|Any CPU
		{4397E62F-7721-4489-B912-F70BE6291FA5}.Release|Any CPU.ActiveCfg = Release|Any CPU
		{4397E62F-7721-4489-B912-F70BE6291FA5}.Release|Any CPU.Build.0 = Release|Any CPU
		{657B00F7-85C8-4168-BB86-7998EEBA3D03}.Debug|Any CPU.ActiveCfg = Debug|Any CPU
		{657B00F7-85C8-4168-BB86-7998EEBA3D03}.Debug|Any CPU.Build.0 = Debug|Any CPU
		{657B00F7-85C8-4168-BB86-7998EEBA3D03}.Release|Any CPU.ActiveCfg = Release|Any CPU
		{657B00F7-85C8-4168-BB86-7998EEBA3D03}.Release|Any CPU.Build.0 = Release|Any CPU
		{875AA7FC-0BF7-4381-B844-FCA2DEF9196F}.Debug|Any CPU.ActiveCfg = Debug|Any CPU
		{875AA7FC-0BF7-4381-B844-FCA2DEF9196F}.Debug|Any CPU.Build.0 = Debug|Any CPU
		{875AA7FC-0BF7-4381-B844-FCA2DEF9196F}.Release|Any CPU.ActiveCfg = Release|Any CPU
		{875AA7FC-0BF7-4381-B844-FCA2DEF9196F}.Release|Any CPU.Build.0 = Release|Any CPU
	EndGlobalSection
	GlobalSection(SolutionProperties) = preSolution
		HideSolutionNode = FALSE
	EndGlobalSection
	GlobalSection(ExtensibilityGlobals) = postSolution
		SolutionGuid = {8736E77B-1362-447A-8FDA-34F37AAB0F6B}
	EndGlobalSection
EndGlobal
