
Microsoft Visual Studio Solution File, Format Version 12.00
# Visual Studio Version 17
VisualStudioVersion = 17.5.33516.290
MinimumVisualStudioVersion = 10.0.40219.1
Project("{FAE04EC0-301F-11D3-BF4B-00C04F79EFBC}") = "WP06_mvvm", "WP06_bikeshop\WP06_mvvm.csproj", "{C64B4F7B-28FB-4A60-BA39-B55524687009}"
EndProject
Project("{FAE04EC0-301F-11D3-BF4B-00C04F79EFBC}") = "WP05_bikeshop", "WP05_bikeshop\WP05_bikeshop.csproj", "{875AA7FC-0BF7-4381-B844-FCA2DEF9196F}"
EndProject
Global
	GlobalSection(SolutionConfigurationPlatforms) = preSolution
		Debug|Any CPU = Debug|Any CPU
		Release|Any CPU = Release|Any CPU
	EndGlobalSection
	GlobalSection(ProjectConfigurationPlatforms) = postSolution
		{C64B4F7B-28FB-4A60-BA39-B55524687009}.Debug|Any CPU.ActiveCfg = Debug|Any CPU
		{C64B4F7B-28FB-4A60-BA39-B55524687009}.Debug|Any CPU.Build.0 = Debug|Any CPU
		{C64B4F7B-28FB-4A60-BA39-B55524687009}.Release|Any CPU.ActiveCfg = Release|Any CPU
		{C64B4F7B-28FB-4A60-BA39-B55524687009}.Release|Any CPU.Build.0 = Release|Any CPU
		{875AA7FC-0BF7-4381-B844-FCA2DEF9196F}.Debug|Any CPU.ActiveCfg = Debug|Any CPU
		{875AA7FC-0BF7-4381-B844-FCA2DEF9196F}.Debug|Any CPU.Build.0 = Debug|Any CPU
		{875AA7FC-0BF7-4381-B844-FCA2DEF9196F}.Release|Any CPU.ActiveCfg = Release|Any CPU
		{875AA7FC-0BF7-4381-B844-FCA2DEF9196F}.Release|Any CPU.Build.0 = Release|Any CPU
	EndGlobalSection
	GlobalSection(SolutionProperties) = preSolution
		HideSolutionNode = FALSE
	EndGlobalSection
	GlobalSection(ExtensibilityGlobals) = postSolution
		SolutionGuid = {ACE5F9B0-7673-47EE-860D-391763643644}
	EndGlobalSection
EndGlobal
