
Microsoft Visual Studio Solution File, Format Version 12.00
# Visual Studio Version 17
VisualStudioVersion = 17.5.33516.290
MinimumVisualStudioVersion = 10.0.40219.1
Project("{FAE04EC0-301F-11D3-BF4B-00C04F79EFBC}") = "WP07_mahApp", "WP07_mahApp\WP07_mahApp.csproj", "{0F24F97A-FEEC-48BD-948A-12407420CAB8}"
EndProject
Project("{FAE04EC0-301F-11D3-BF4B-00C04F79EFBC}") = "WP08_personalInfoApp_mvvm", "WP08_personalInfoApp_mvvm\WP08_personalInfoApp_mvvm.csproj", "{C147E185-785E-49DD-ACF2-EE7D61F25CCB}"
EndProject
Project("{2150E333-8FDC-42A3-9474-1A3956D46DE8}") = "Design", "Design", "{A8A57F4C-18C3-4B5A-88CE-DC1D371BABC0}"
EndProject
Project("{2150E333-8FDC-42A3-9474-1A3956D46DE8}") = "Mvvm", "Mvvm", "{AC74542E-CEC2-42D1-B329-61A3FA4A6AF1}"
EndProject
Global
	GlobalSection(SolutionConfigurationPlatforms) = preSolution
		Debug|Any CPU = Debug|Any CPU
		Release|Any CPU = Release|Any CPU
	EndGlobalSection
	GlobalSection(ProjectConfigurationPlatforms) = postSolution
		{0F24F97A-FEEC-48BD-948A-12407420CAB8}.Debug|Any CPU.ActiveCfg = Debug|Any CPU
		{0F24F97A-FEEC-48BD-948A-12407420CAB8}.Debug|Any CPU.Build.0 = Debug|Any CPU
		{0F24F97A-FEEC-48BD-948A-12407420CAB8}.Release|Any CPU.ActiveCfg = Release|Any CPU
		{0F24F97A-FEEC-48BD-948A-12407420CAB8}.Release|Any CPU.Build.0 = Release|Any CPU
		{C147E185-785E-49DD-ACF2-EE7D61F25CCB}.Debug|Any CPU.ActiveCfg = Debug|Any CPU
		{C147E185-785E-49DD-ACF2-EE7D61F25CCB}.Debug|Any CPU.Build.0 = Debug|Any CPU
		{C147E185-785E-49DD-ACF2-EE7D61F25CCB}.Release|Any CPU.ActiveCfg = Release|Any CPU
		{C147E185-785E-49DD-ACF2-EE7D61F25CCB}.Release|Any CPU.Build.0 = Release|Any CPU
	EndGlobalSection
	GlobalSection(SolutionProperties) = preSolution
		HideSolutionNode = FALSE
	EndGlobalSection
	GlobalSection(NestedProjects) = preSolution
		{0F24F97A-FEEC-48BD-948A-12407420CAB8} = {A8A57F4C-18C3-4B5A-88CE-DC1D371BABC0}
		{C147E185-785E-49DD-ACF2-EE7D61F25CCB} = {AC74542E-CEC2-42D1-B329-61A3FA4A6AF1}
	EndGlobalSection
	GlobalSection(ExtensibilityGlobals) = postSolution
		SolutionGuid = {E2F0B260-BFE9-444A-82D3-C387948844BB}
	EndGlobalSection
EndGlobal
